
Microsoft Visual Studio Solution File, Format Version 12.00
# Visual Studio Version 16
VisualStudioVersion = 16.0.31321.278
MinimumVisualStudioVersion = 10.0.40219.1
Project("{FAE04EC0-301F-11D3-BF4B-00C04F79EFBC}") = "Yazılım_Yapımı_2", "Yazılım_Yapımı_2\Yazılım_Yapımı_2.csproj", "{E7CF7522-9FE5-42D2-A850-A2D1244502E3}"
EndProject
Global
	GlobalSection(SolutionConfigurationPlatforms) = preSolution
		Debug|Any CPU = Debug|Any CPU
		Release|Any CPU = Release|Any CPU
	EndGlobalSection
	GlobalSection(ProjectConfigurationPlatforms) = postSolution
		{E7CF7522-9FE5-42D2-A850-A2D1244502E3}.Debug|Any CPU.ActiveCfg = Debug|Any CPU
		{E7CF7522-9FE5-42D2-A850-A2D1244502E3}.Debug|Any CPU.Build.0 = Debug|Any CPU
		{E7CF7522-9FE5-42D2-A850-A2D1244502E3}.Release|Any CPU.ActiveCfg = Release|Any CPU
		{E7CF7522-9FE5-42D2-A850-A2D1244502E3}.Release|Any CPU.Build.0 = Release|Any CPU
	EndGlobalSection
	GlobalSection(SolutionProperties) = preSolution
		HideSolutionNode = FALSE
	EndGlobalSection
	GlobalSection(ExtensibilityGlobals) = postSolution
		SolutionGuid = {4E374C82-AE26-4186-9CE5-E45D5E6C4761}
	EndGlobalSection
EndGlobal
